
Microsoft Visual Studio Solution File, Format Version 12.00
# Visual Studio Version 16
VisualStudioVersion = 16.0.30907.101
MinimumVisualStudioVersion = 10.0.40219.1
Project("{FAE04EC0-301F-11D3-BF4B-00C04F79EFBC}") = "RoutingPractice", "RoutingPractice\RoutingPractice.csproj", "{EBC6A22A-FEB3-408E-9A88-B4A7BB8DAD4B}"
EndProject
Global
	GlobalSection(SolutionConfigurationPlatforms) = preSolution
		Debug|Any CPU = Debug|Any CPU
		Release|Any CPU = Release|Any CPU
	EndGlobalSection
	GlobalSection(ProjectConfigurationPlatforms) = postSolution
		{EBC6A22A-FEB3-408E-9A88-B4A7BB8DAD4B}.Debug|Any CPU.ActiveCfg = Debug|Any CPU
		{EBC6A22A-FEB3-408E-9A88-B4A7BB8DAD4B}.Debug|Any CPU.Build.0 = Debug|Any CPU
		{EBC6A22A-FEB3-408E-9A88-B4A7BB8DAD4B}.Release|Any CPU.ActiveCfg = Release|Any CPU
		{EBC6A22A-FEB3-408E-9A88-B4A7BB8DAD4B}.Release|Any CPU.Build.0 = Release|Any CPU
	EndGlobalSection
	GlobalSection(SolutionProperties) = preSolution
		HideSolutionNode = FALSE
	EndGlobalSection
	GlobalSection(ExtensibilityGlobals) = postSolution
		SolutionGuid = {BFBC9F76-3950-408A-AABE-99A0F027F649}
	EndGlobalSection
EndGlobal
