
Microsoft Visual Studio Solution File, Format Version 12.00
# Visual Studio Version 16
VisualStudioVersion = 16.0.30907.101
MinimumVisualStudioVersion = 10.0.40219.1
Project("{FAE04EC0-301F-11D3-BF4B-00C04F79EFBC}") = "InvestCalculator", "InvestCalculator\InvestCalculator.csproj", "{5D75F432-3950-4A73-978C-70B0EA5DC6C7}"
EndProject
Global
	GlobalSection(SolutionConfigurationPlatforms) = preSolution
		Debug|Any CPU = Debug|Any CPU
		Release|Any CPU = Release|Any CPU
	EndGlobalSection
	GlobalSection(ProjectConfigurationPlatforms) = postSolution
		{5D75F432-3950-4A73-978C-70B0EA5DC6C7}.Debug|Any CPU.ActiveCfg = Debug|Any CPU
		{5D75F432-3950-4A73-978C-70B0EA5DC6C7}.Debug|Any CPU.Build.0 = Debug|Any CPU
		{5D75F432-3950-4A73-978C-70B0EA5DC6C7}.Release|Any CPU.ActiveCfg = Release|Any CPU
		{5D75F432-3950-4A73-978C-70B0EA5DC6C7}.Release|Any CPU.Build.0 = Release|Any CPU
	EndGlobalSection
	GlobalSection(SolutionProperties) = preSolution
		HideSolutionNode = FALSE
	EndGlobalSection
	GlobalSection(ExtensibilityGlobals) = postSolution
		SolutionGuid = {D3502316-1C34-464B-A0D7-9A8E2452DF07}
	EndGlobalSection
EndGlobal
